
Microsoft Visual Studio Solution File, Format Version 12.00
# Visual Studio Version 17
VisualStudioVersion = 17.0.31903.59
MinimumVisualStudioVersion = 10.0.40219.1
Project("{2150E333-8FDC-42A3-9474-1A3956D46DE8}") = "src", "src", "{827E0CD3-B72D-47B6-A68D-7590B98EB39B}"
EndProject
Project("{FAE04EC0-301F-11D3-BF4B-00C04F79EFBC}") = "AgentsTheOdds.Domain", "src\AgentsTheOdds.Domain\AgentsTheOdds.Domain.csproj", "{C3524440-9F23-4C29-B33E-7AF07DEDFDF0}"
EndProject
Project("{FAE04EC0-301F-11D3-BF4B-00C04F79EFBC}") = "AgentsTheOdds.Application", "src\AgentsTheOdds.Application\AgentsTheOdds.Application.csproj", "{CFF83EA9-45DC-4439-AB9D-7373D0693BE7}"
EndProject
Project("{FAE04EC0-301F-11D3-BF4B-00C04F79EFBC}") = "AgentsTheOdds.Data", "src\AgentsTheOdds.Data\AgentsTheOdds.Data.csproj", "{613D4EC0-7DAE-422A-9DC5-6A88C8011674}"
EndProject
Project("{FAE04EC0-301F-11D3-BF4B-00C04F79EFBC}") = "AgentsTheOdds.Cli", "src\AgentsTheOdds.Cli\AgentsTheOdds.Cli.csproj", "{552B00BC-C8D8-40AD-BBE9-C852BBCE6F07}"
EndProject
Project("{2150E333-8FDC-42A3-9474-1A3956D46DE8}") = "tests", "tests", "{0AB3BF05-4346-4AA6-1389-037BE0695223}"
EndProject
Project("{FAE04EC0-301F-11D3-BF4B-00C04F79EFBC}") = "AgentsTheOdds.Tests", "tests\AgentsTheOdds.Tests\AgentsTheOdds.Tests.csproj", "{50431810-0AE6-4BD1-83A4-46310EA8051B}"
EndProject
Global
	GlobalSection(SolutionConfigurationPlatforms) = preSolution
		Debug|Any CPU = Debug|Any CPU
		Debug|x64 = Debug|x64
		Debug|x86 = Debug|x86
		Release|Any CPU = Release|Any CPU
		Release|x64 = Release|x64
		Release|x86 = Release|x86
	EndGlobalSection
	GlobalSection(ProjectConfigurationPlatforms) = postSolution
		{C3524440-9F23-4C29-B33E-7AF07DEDFDF0}.Debug|Any CPU.ActiveCfg = Debug|Any CPU
		{C3524440-9F23-4C29-B33E-7AF07DEDFDF0}.Debug|Any CPU.Build.0 = Debug|Any CPU
		{C3524440-9F23-4C29-B33E-7AF07DEDFDF0}.Debug|x64.ActiveCfg = Debug|Any CPU
		{C3524440-9F23-4C29-B33E-7AF07DEDFDF0}.Debug|x64.Build.0 = Debug|Any CPU
		{C3524440-9F23-4C29-B33E-7AF07DEDFDF0}.Debug|x86.ActiveCfg = Debug|Any CPU
		{C3524440-9F23-4C29-B33E-7AF07DEDFDF0}.Debug|x86.Build.0 = Debug|Any CPU
		{C3524440-9F23-4C29-B33E-7AF07DEDFDF0}.Release|Any CPU.ActiveCfg = Release|Any CPU
		{C3524440-9F23-4C29-B33E-7AF07DEDFDF0}.Release|Any CPU.Build.0 = Release|Any CPU
		{C3524440-9F23-4C29-B33E-7AF07DEDFDF0}.Release|x64.ActiveCfg = Release|Any CPU
		{C3524440-9F23-4C29-B33E-7AF07DEDFDF0}.Release|x64.Build.0 = Release|Any CPU
		{C3524440-9F23-4C29-B33E-7AF07DEDFDF0}.Release|x86.ActiveCfg = Release|Any CPU
		{C3524440-9F23-4C29-B33E-7AF07DEDFDF0}.Release|x86.Build.0 = Release|Any CPU
		{CFF83EA9-45DC-4439-AB9D-7373D0693BE7}.Debug|Any CPU.ActiveCfg = Debug|Any CPU
		{CFF83EA9-45DC-4439-AB9D-7373D0693BE7}.Debug|Any CPU.Build.0 = Debug|Any CPU
		{CFF83EA9-45DC-4439-AB9D-7373D0693BE7}.Debug|x64.ActiveCfg = Debug|Any CPU
		{CFF83EA9-45DC-4439-AB9D-7373D0693BE7}.Debug|x64.Build.0 = Debug|Any CPU
		{CFF83EA9-45DC-4439-AB9D-7373D0693BE7}.Debug|x86.ActiveCfg = Debug|Any CPU
		{CFF83EA9-45DC-4439-AB9D-7373D0693BE7}.Debug|x86.Build.0 = Debug|Any CPU
		{CFF83EA9-45DC-4439-AB9D-7373D0693BE7}.Release|Any CPU.ActiveCfg = Release|Any CPU
		{CFF83EA9-45DC-4439-AB9D-7373D0693BE7}.Release|Any CPU.Build.0 = Release|Any CPU
		{CFF83EA9-45DC-4439-AB9D-7373D0693BE7}.Release|x64.ActiveCfg = Release|Any CPU
		{CFF83EA9-45DC-4439-AB9D-7373D0693BE7}.Release|x64.Build.0 = Release|Any CPU
		{CFF83EA9-45DC-4439-AB9D-7373D0693BE7}.Release|x86.ActiveCfg = Release|Any CPU
		{CFF83EA9-45DC-4439-AB9D-7373D0693BE7}.Release|x86.Build.0 = Release|Any CPU
		{613D4EC0-7DAE-422A-9DC5-6A88C8011674}.Debug|Any CPU.ActiveCfg = Debug|Any CPU
		{613D4EC0-7DAE-422A-9DC5-6A88C8011674}.Debug|Any CPU.Build.0 = Debug|Any CPU
		{613D4EC0-7DAE-422A-9DC5-6A88C8011674}.Debug|x64.ActiveCfg = Debug|Any CPU
		{613D4EC0-7DAE-422A-9DC5-6A88C8011674}.Debug|x64.Build.0 = Debug|Any CPU
		{613D4EC0-7DAE-422A-9DC5-6A88C8011674}.Debug|x86.ActiveCfg = Debug|Any CPU
		{613D4EC0-7DAE-422A-9DC5-6A88C8011674}.Debug|x86.Build.0 = Debug|Any CPU
		{613D4EC0-7DAE-422A-9DC5-6A88C8011674}.Release|Any CPU.ActiveCfg = Release|Any CPU
		{613D4EC0-7DAE-422A-9DC5-6A88C8011674}.Release|Any CPU.Build.0 = Release|Any CPU
		{613D4EC0-7DAE-422A-9DC5-6A88C8011674}.Release|x64.ActiveCfg = Release|Any CPU
		{613D4EC0-7DAE-422A-9DC5-6A88C8011674}.Release|x64.Build.0 = Release|Any CPU
		{613D4EC0-7DAE-422A-9DC5-6A88C8011674}.Release|x86.ActiveCfg = Release|Any CPU
		{613D4EC0-7DAE-422A-9DC5-6A88C8011674}.Release|x86.Build.0 = Release|Any CPU
		{552B00BC-C8D8-40AD-BBE9-C852BBCE6F07}.Debug|Any CPU.ActiveCfg = Debug|Any CPU
		{552B00BC-C8D8-40AD-BBE9-C852BBCE6F07}.Debug|Any CPU.Build.0 = Debug|Any CPU
		{552B00BC-C8D8-40AD-BBE9-C852BBCE6F07}.Debug|x64.ActiveCfg = Debug|Any CPU
		{552B00BC-C8D8-40AD-BBE9-C852BBCE6F07}.Debug|x64.Build.0 = Debug|Any CPU
		{552B00BC-C8D8-40AD-BBE9-C852BBCE6F07}.Debug|x86.ActiveCfg = Debug|Any CPU
		{552B00BC-C8D8-40AD-BBE9-C852BBCE6F07}.Debug|x86.Build.0 = Debug|Any CPU
		{552B00BC-C8D8-40AD-BBE9-C852BBCE6F07}.Release|Any CPU.ActiveCfg = Release|Any CPU
		{552B00BC-C8D8-40AD-BBE9-C852BBCE6F07}.Release|Any CPU.Build.0 = Release|Any CPU
		{552B00BC-C8D8-40AD-BBE9-C852BBCE6F07}.Release|x64.ActiveCfg = Release|Any CPU
		{552B00BC-C8D8-40AD-BBE9-C852BBCE6F07}.Release|x64.Build.0 = Release|Any CPU
		{552B00BC-C8D8-40AD-BBE9-C852BBCE6F07}.Release|x86.ActiveCfg = Release|Any CPU
		{552B00BC-C8D8-40AD-BBE9-C852BBCE6F07}.Release|x86.Build.0 = Release|Any CPU
		{50431810-0AE6-4BD1-83A4-46310EA8051B}.Debug|Any CPU.ActiveCfg = Debug|Any CPU
		{50431810-0AE6-4BD1-83A4-46310EA8051B}.Debug|Any CPU.Build.0 = Debug|Any CPU
		{50431810-0AE6-4BD1-83A4-46310EA8051B}.Debug|x64.ActiveCfg = Debug|Any CPU
		{50431810-0AE6-4BD1-83A4-46310EA8051B}.Debug|x64.Build.0 = Debug|Any CPU
		{50431810-0AE6-4BD1-83A4-46310EA8051B}.Debug|x86.ActiveCfg = Debug|Any CPU
		{50431810-0AE6-4BD1-83A4-46310EA8051B}.Debug|x86.Build.0 = Debug|Any CPU
		{50431810-0AE6-4BD1-83A4-46310EA8051B}.Release|Any CPU.ActiveCfg = Release|Any CPU
		{50431810-0AE6-4BD1-83A4-46310EA8051B}.Release|Any CPU.Build.0 = Release|Any CPU
		{50431810-0AE6-4BD1-83A4-46310EA8051B}.Release|x64.ActiveCfg = Release|Any CPU
		{50431810-0AE6-4BD1-83A4-46310EA8051B}.Release|x64.Build.0 = Release|Any CPU
		{50431810-0AE6-4BD1-83A4-46310EA8051B}.Release|x86.ActiveCfg = Release|Any CPU
		{50431810-0AE6-4BD1-83A4-46310EA8051B}.Release|x86.Build.0 = Release|Any CPU
	EndGlobalSection
	GlobalSection(SolutionProperties) = preSolution
		HideSolutionNode = FALSE
	EndGlobalSection
	GlobalSection(NestedProjects) = preSolution
		{C3524440-9F23-4C29-B33E-7AF07DEDFDF0} = {827E0CD3-B72D-47B6-A68D-7590B98EB39B}
		{CFF83EA9-45DC-4439-AB9D-7373D0693BE7} = {827E0CD3-B72D-47B6-A68D-7590B98EB39B}
		{613D4EC0-7DAE-422A-9DC5-6A88C8011674} = {827E0CD3-B72D-47B6-A68D-7590B98EB39B}
		{552B00BC-C8D8-40AD-BBE9-C852BBCE6F07} = {827E0CD3-B72D-47B6-A68D-7590B98EB39B}
		{50431810-0AE6-4BD1-83A4-46310EA8051B} = {0AB3BF05-4346-4AA6-1389-037BE0695223}
	EndGlobalSection
EndGlobal
